<?xml version="1.0" encoding="utf-8"?>
<Project ToolsVersion="4.0" xmlns="http://schemas.microsoft.com/developer/msbuild/2003">
  <ItemGroup>
    <None Include="11.1.anti_aliasing.fs">
      <Filter>shader</Filter>
    </None>
    <None Include="11.1.anti_aliasing.vs">
      <Filter>shader</Filter>
    </None>
  </ItemGroup>
  <ItemGroup>
    <Filter Include="shader">
      <UniqueIdentifier>{d250d762-eee1-4afd-98a6-9f681207490b}</UniqueIdentifier>
    </Filter>
  </ItemGroup>
  <ItemGroup>
    <ClCompile Include="anti_aliasing_msaa.cpp" />
  </ItemGroup>
</Project>