
Microsoft Visual Studio Solution File, Format Version 12.00
# Visual Studio Version 16
VisualStudioVersion = 16.0.30104.148
MinimumVisualStudioVersion = 10.0.40219.1
Project("{8BC9CEB8-8B4A-11D0-8D11-00A0C91BC942}") = "Engine", "Engine\Engine.vcxproj", "{7F139723-AA1A-4A96-9692-950BBB195179}"
EndProject
Project("{8BC9CEB8-8B4A-11D0-8D11-00A0C91BC942}") = "Game", "Game\Game.vcxproj", "{711449EF-8648-42E2-AC94-11F5FF08F369}"
EndProject
Project("{8BC9CEB8-8B4A-11D0-8D11-00A0C91BC942}") = "glfw_shared", "Deps\src\glfw_shared\glfw_shared.vcxproj", "{2C2BF9B5-A169-4440-99A7-CC3CC41CD13C}"
EndProject
Project("{2150E333-8FDC-42A3-9474-1A3956D46DE8}") = "gl_shared", "gl_shared", "{66E56037-072A-49A9-8691-F89FDFC9FAEC}"
EndProject
Project("{8BC9CEB8-8B4A-11D0-8D11-00A0C91BC942}") = "glew_shared", "Deps\src\glew_shared\glew_shared.vcxproj", "{74219373-92F3-43DF-9D75-4D9FB7A722FC}"
EndProject
Project("{2150E333-8FDC-42A3-9474-1A3956D46DE8}") = "gl_static", "gl_static", "{FC1514AB-6485-43DC-AA5E-C5A43FDE0AB5}"
EndProject
Project("{8BC9CEB8-8B4A-11D0-8D11-00A0C91BC942}") = "glew_static", "Deps\src\glew_static\glew_static.vcxproj", "{F2EE8841-49B2-4D6A-8C83-7B75BDD3C315}"
EndProject
Project("{8BC9CEB8-8B4A-11D0-8D11-00A0C91BC942}") = "glfw_static", "Deps\src\glfw_static\glfw_static.vcxproj", "{8084EB63-7C0A-48B7-8992-19C9B01CF32F}"
EndProject
Project("{8BC9CEB8-8B4A-11D0-8D11-00A0C91BC942}") = "freeglut_shared", "Deps\src\freeglut_shared\freeglut_shared.vcxproj", "{60AB969E-FB0E-4A20-8815-A1EBE03E7BF0}"
EndProject
Project("{8BC9CEB8-8B4A-11D0-8D11-00A0C91BC942}") = "OrbitCamera", "OrbitCamera\src\OrbitCamera.vcxproj", "{97B457D1-0836-4254-94C2-A4ADA3C9CD98}"
EndProject
Project("{2150E333-8FDC-42A3-9474-1A3956D46DE8}") = "base", "base", "{AA3DA364-FDC8-40FF-B3EC-8BAF61D197CD}"
EndProject
Project("{8BC9CEB8-8B4A-11D0-8D11-00A0C91BC942}") = "noise", "Deps\Include\noise\build\src\noise.vcxproj", "{64106C64-39C6-3468-ACA0-F2782FBB77EF}"
EndProject
Project("{8BC9CEB8-8B4A-11D0-8D11-00A0C91BC942}") = "Teapot", "Teapot\Teapot.vcxproj", "{EA5A5470-30C7-4CE5-9EE6-2346D60F4534}"
EndProject
Project("{8BC9CEB8-8B4A-11D0-8D11-00A0C91BC942}") = "Widget", "widget\widget.vcxproj", "{43D12A21-108A-4FF3-83EF-3EB14486B1DA}"
EndProject
Project("{8BC9CEB8-8B4A-11D0-8D11-00A0C91BC942}") = "Raytrace", "Raymarching\Raytrace.vcxproj", "{EE6A03BF-B047-4EA6-8679-859F9B280D60}"
EndProject
Global
	GlobalSection(SolutionConfigurationPlatforms) = preSolution
		Debug|Win32 = Debug|Win32
		Debug|x64 = Debug|x64
		MinSizeRel|Win32 = MinSizeRel|Win32
		MinSizeRel|x64 = MinSizeRel|x64
		Release|Win32 = Release|Win32
		Release|x64 = Release|x64
		RelWithDebInfo|Win32 = RelWithDebInfo|Win32
		RelWithDebInfo|x64 = RelWithDebInfo|x64
	EndGlobalSection
	GlobalSection(ProjectConfigurationPlatforms) = postSolution
		{7F139723-AA1A-4A96-9692-950BBB195179}.Debug|Win32.ActiveCfg = Debug|Win32
		{7F139723-AA1A-4A96-9692-950BBB195179}.Debug|Win32.Build.0 = Debug|Win32
		{7F139723-AA1A-4A96-9692-950BBB195179}.Debug|x64.ActiveCfg = Debug|Win32
		{7F139723-AA1A-4A96-9692-950BBB195179}.MinSizeRel|Win32.ActiveCfg = Release|Win32
		{7F139723-AA1A-4A96-9692-950BBB195179}.MinSizeRel|Win32.Build.0 = Release|Win32
		{7F139723-AA1A-4A96-9692-950BBB195179}.MinSizeRel|x64.ActiveCfg = Debug|x64
		{7F139723-AA1A-4A96-9692-950BBB195179}.MinSizeRel|x64.Build.0 = Debug|x64
		{7F139723-AA1A-4A96-9692-950BBB195179}.Release|Win32.ActiveCfg = Debug|Win32
		{7F139723-AA1A-4A96-9692-950BBB195179}.Release|Win32.Build.0 = Debug|Win32
		{7F139723-AA1A-4A96-9692-950BBB195179}.Release|x64.ActiveCfg = Release|Win32
		{7F139723-AA1A-4A96-9692-950BBB195179}.RelWithDebInfo|Win32.ActiveCfg = Release|Win32
		{7F139723-AA1A-4A96-9692-950BBB195179}.RelWithDebInfo|Win32.Build.0 = Release|Win32
		{7F139723-AA1A-4A96-9692-950BBB195179}.RelWithDebInfo|x64.ActiveCfg = Release|x64
		{7F139723-AA1A-4A96-9692-950BBB195179}.RelWithDebInfo|x64.Build.0 = Release|x64
		{711449EF-8648-42E2-AC94-11F5FF08F369}.Debug|Win32.ActiveCfg = Debug|Win32
		{711449EF-8648-42E2-AC94-11F5FF08F369}.Debug|Win32.Build.0 = Debug|Win32
		{711449EF-8648-42E2-AC94-11F5FF08F369}.Debug|x64.ActiveCfg = Debug|x64
		{711449EF-8648-42E2-AC94-11F5FF08F369}.MinSizeRel|Win32.ActiveCfg = Release|Win32
		{711449EF-8648-42E2-AC94-11F5FF08F369}.MinSizeRel|Win32.Build.0 = Release|Win32
		{711449EF-8648-42E2-AC94-11F5FF08F369}.MinSizeRel|x64.ActiveCfg = Release|x64
		{711449EF-8648-42E2-AC94-11F5FF08F369}.MinSizeRel|x64.Build.0 = Release|x64
		{711449EF-8648-42E2-AC94-11F5FF08F369}.Release|Win32.ActiveCfg = Release|Win32
		{711449EF-8648-42E2-AC94-11F5FF08F369}.Release|Win32.Build.0 = Release|Win32
		{711449EF-8648-42E2-AC94-11F5FF08F369}.Release|x64.ActiveCfg = Release|Win32
		{711449EF-8648-42E2-AC94-11F5FF08F369}.RelWithDebInfo|Win32.ActiveCfg = Release|Win32
		{711449EF-8648-42E2-AC94-11F5FF08F369}.RelWithDebInfo|Win32.Build.0 = Release|Win32
		{711449EF-8648-42E2-AC94-11F5FF08F369}.RelWithDebInfo|x64.ActiveCfg = Release|x64
		{711449EF-8648-42E2-AC94-11F5FF08F369}.RelWithDebInfo|x64.Build.0 = Release|x64
		{2C2BF9B5-A169-4440-99A7-CC3CC41CD13C}.Debug|Win32.ActiveCfg = Debug|Win32
		{2C2BF9B5-A169-4440-99A7-CC3CC41CD13C}.Debug|Win32.Build.0 = Debug|Win32
		{2C2BF9B5-A169-4440-99A7-CC3CC41CD13C}.Debug|x64.ActiveCfg = Debug|x64
		{2C2BF9B5-A169-4440-99A7-CC3CC41CD13C}.Debug|x64.Build.0 = Debug|x64
		{2C2BF9B5-A169-4440-99A7-CC3CC41CD13C}.MinSizeRel|Win32.ActiveCfg = Release|Win32
		{2C2BF9B5-A169-4440-99A7-CC3CC41CD13C}.MinSizeRel|Win32.Build.0 = Release|Win32
		{2C2BF9B5-A169-4440-99A7-CC3CC41CD13C}.MinSizeRel|x64.ActiveCfg = Release|x64
		{2C2BF9B5-A169-4440-99A7-CC3CC41CD13C}.MinSizeRel|x64.Build.0 = Release|x64
		{2C2BF9B5-A169-4440-99A7-CC3CC41CD13C}.Release|Win32.ActiveCfg = Release|Win32
		{2C2BF9B5-A169-4440-99A7-CC3CC41CD13C}.Release|Win32.Build.0 = Release|Win32
		{2C2BF9B5-A169-4440-99A7-CC3CC41CD13C}.Release|x64.ActiveCfg = Release|Win32
		{2C2BF9B5-A169-4440-99A7-CC3CC41CD13C}.RelWithDebInfo|Win32.ActiveCfg = Release|Win32
		{2C2BF9B5-A169-4440-99A7-CC3CC41CD13C}.RelWithDebInfo|Win32.Build.0 = Release|Win32
		{2C2BF9B5-A169-4440-99A7-CC3CC41CD13C}.RelWithDebInfo|x64.ActiveCfg = Release|x64
		{2C2BF9B5-A169-4440-99A7-CC3CC41CD13C}.RelWithDebInfo|x64.Build.0 = Release|x64
		{74219373-92F3-43DF-9D75-4D9FB7A722FC}.Debug|Win32.ActiveCfg = Debug|Win32
		{74219373-92F3-43DF-9D75-4D9FB7A722FC}.Debug|Win32.Build.0 = Debug|Win32
		{74219373-92F3-43DF-9D75-4D9FB7A722FC}.Debug|x64.ActiveCfg = Debug|x64
		{74219373-92F3-43DF-9D75-4D9FB7A722FC}.Debug|x64.Build.0 = Debug|x64
		{74219373-92F3-43DF-9D75-4D9FB7A722FC}.MinSizeRel|Win32.ActiveCfg = Release|Win32
		{74219373-92F3-43DF-9D75-4D9FB7A722FC}.MinSizeRel|Win32.Build.0 = Release|Win32
		{74219373-92F3-43DF-9D75-4D9FB7A722FC}.MinSizeRel|x64.ActiveCfg = Release|x64
		{74219373-92F3-43DF-9D75-4D9FB7A722FC}.MinSizeRel|x64.Build.0 = Release|x64
		{74219373-92F3-43DF-9D75-4D9FB7A722FC}.Release|Win32.ActiveCfg = Release|Win32
		{74219373-92F3-43DF-9D75-4D9FB7A722FC}.Release|Win32.Build.0 = Release|Win32
		{74219373-92F3-43DF-9D75-4D9FB7A722FC}.Release|x64.ActiveCfg = Release|x64
		{74219373-92F3-43DF-9D75-4D9FB7A722FC}.Release|x64.Build.0 = Release|x64
		{74219373-92F3-43DF-9D75-4D9FB7A722FC}.RelWithDebInfo|Win32.ActiveCfg = Release|Win32
		{74219373-92F3-43DF-9D75-4D9FB7A722FC}.RelWithDebInfo|Win32.Build.0 = Release|Win32
		{74219373-92F3-43DF-9D75-4D9FB7A722FC}.RelWithDebInfo|x64.ActiveCfg = Release|x64
		{74219373-92F3-43DF-9D75-4D9FB7A722FC}.RelWithDebInfo|x64.Build.0 = Release|x64
		{F2EE8841-49B2-4D6A-8C83-7B75BDD3C315}.Debug|Win32.ActiveCfg = Debug|Win32
		{F2EE8841-49B2-4D6A-8C83-7B75BDD3C315}.Debug|Win32.Build.0 = Debug|Win32
		{F2EE8841-49B2-4D6A-8C83-7B75BDD3C315}.Debug|x64.ActiveCfg = Debug|x64
		{F2EE8841-49B2-4D6A-8C83-7B75BDD3C315}.MinSizeRel|Win32.ActiveCfg = Release|Win32
		{F2EE8841-49B2-4D6A-8C83-7B75BDD3C315}.MinSizeRel|Win32.Build.0 = Release|Win32
		{F2EE8841-49B2-4D6A-8C83-7B75BDD3C315}.MinSizeRel|x64.ActiveCfg = Release|x64
		{F2EE8841-49B2-4D6A-8C83-7B75BDD3C315}.MinSizeRel|x64.Build.0 = Release|x64
		{F2EE8841-49B2-4D6A-8C83-7B75BDD3C315}.Release|Win32.ActiveCfg = Release|Win32
		{F2EE8841-49B2-4D6A-8C83-7B75BDD3C315}.Release|Win32.Build.0 = Release|Win32
		{F2EE8841-49B2-4D6A-8C83-7B75BDD3C315}.Release|x64.ActiveCfg = Release|x64
		{F2EE8841-49B2-4D6A-8C83-7B75BDD3C315}.Release|x64.Build.0 = Release|x64
		{F2EE8841-49B2-4D6A-8C83-7B75BDD3C315}.RelWithDebInfo|Win32.ActiveCfg = Release|Win32
		{F2EE8841-49B2-4D6A-8C83-7B75BDD3C315}.RelWithDebInfo|Win32.Build.0 = Release|Win32
		{F2EE8841-49B2-4D6A-8C83-7B75BDD3C315}.RelWithDebInfo|x64.ActiveCfg = Release|x64
		{F2EE8841-49B2-4D6A-8C83-7B75BDD3C315}.RelWithDebInfo|x64.Build.0 = Release|x64
		{8084EB63-7C0A-48B7-8992-19C9B01CF32F}.Debug|Win32.ActiveCfg = Debug|Win32
		{8084EB63-7C0A-48B7-8992-19C9B01CF32F}.Debug|Win32.Build.0 = Debug|Win32
		{8084EB63-7C0A-48B7-8992-19C9B01CF32F}.Debug|x64.ActiveCfg = Debug|x64
		{8084EB63-7C0A-48B7-8992-19C9B01CF32F}.MinSizeRel|Win32.ActiveCfg = Release|Win32
		{8084EB63-7C0A-48B7-8992-19C9B01CF32F}.MinSizeRel|Win32.Build.0 = Release|Win32
		{8084EB63-7C0A-48B7-8992-19C9B01CF32F}.MinSizeRel|x64.ActiveCfg = Release|x64
		{8084EB63-7C0A-48B7-8992-19C9B01CF32F}.MinSizeRel|x64.Build.0 = Release|x64
		{8084EB63-7C0A-48B7-8992-19C9B01CF32F}.Release|Win32.ActiveCfg = Release|Win32
		{8084EB63-7C0A-48B7-8992-19C9B01CF32F}.Release|Win32.Build.0 = Release|Win32
		{8084EB63-7C0A-48B7-8992-19C9B01CF32F}.Release|x64.ActiveCfg = Release|x64
		{8084EB63-7C0A-48B7-8992-19C9B01CF32F}.Release|x64.Build.0 = Release|x64
		{8084EB63-7C0A-48B7-8992-19C9B01CF32F}.RelWithDebInfo|Win32.ActiveCfg = Release|Win32
		{8084EB63-7C0A-48B7-8992-19C9B01CF32F}.RelWithDebInfo|Win32.Build.0 = Release|Win32
		{8084EB63-7C0A-48B7-8992-19C9B01CF32F}.RelWithDebInfo|x64.ActiveCfg = Release|x64
		{8084EB63-7C0A-48B7-8992-19C9B01CF32F}.RelWithDebInfo|x64.Build.0 = Release|x64
		{60AB969E-FB0E-4A20-8815-A1EBE03E7BF0}.Debug|Win32.ActiveCfg = Debug|Win32
		{60AB969E-FB0E-4A20-8815-A1EBE03E7BF0}.Debug|Win32.Build.0 = Debug|Win32
		{60AB969E-FB0E-4A20-8815-A1EBE03E7BF0}.Debug|x64.ActiveCfg = Debug|x64
		{60AB969E-FB0E-4A20-8815-A1EBE03E7BF0}.Debug|x64.Build.0 = Debug|x64
		{60AB969E-FB0E-4A20-8815-A1EBE03E7BF0}.MinSizeRel|Win32.ActiveCfg = Release|Win32
		{60AB969E-FB0E-4A20-8815-A1EBE03E7BF0}.MinSizeRel|Win32.Build.0 = Release|Win32
		{60AB969E-FB0E-4A20-8815-A1EBE03E7BF0}.MinSizeRel|x64.ActiveCfg = Release|x64
		{60AB969E-FB0E-4A20-8815-A1EBE03E7BF0}.MinSizeRel|x64.Build.0 = Release|x64
		{60AB969E-FB0E-4A20-8815-A1EBE03E7BF0}.Release|Win32.ActiveCfg = Release|Win32
		{60AB969E-FB0E-4A20-8815-A1EBE03E7BF0}.Release|Win32.Build.0 = Release|Win32
		{60AB969E-FB0E-4A20-8815-A1EBE03E7BF0}.Release|x64.ActiveCfg = Release|x64
		{60AB969E-FB0E-4A20-8815-A1EBE03E7BF0}.Release|x64.Build.0 = Release|x64
		{60AB969E-FB0E-4A20-8815-A1EBE03E7BF0}.RelWithDebInfo|Win32.ActiveCfg = Release|Win32
		{60AB969E-FB0E-4A20-8815-A1EBE03E7BF0}.RelWithDebInfo|Win32.Build.0 = Release|Win32
		{60AB969E-FB0E-4A20-8815-A1EBE03E7BF0}.RelWithDebInfo|x64.ActiveCfg = Release|x64
		{60AB969E-FB0E-4A20-8815-A1EBE03E7BF0}.RelWithDebInfo|x64.Build.0 = Release|x64
		{97B457D1-0836-4254-94C2-A4ADA3C9CD98}.Debug|Win32.ActiveCfg = Debug|Win32
		{97B457D1-0836-4254-94C2-A4ADA3C9CD98}.Debug|Win32.Build.0 = Debug|Win32
		{97B457D1-0836-4254-94C2-A4ADA3C9CD98}.Debug|x64.ActiveCfg = Debug|x64
		{97B457D1-0836-4254-94C2-A4ADA3C9CD98}.Debug|x64.Build.0 = Debug|x64
		{97B457D1-0836-4254-94C2-A4ADA3C9CD98}.MinSizeRel|Win32.ActiveCfg = Release|Win32
		{97B457D1-0836-4254-94C2-A4ADA3C9CD98}.MinSizeRel|Win32.Build.0 = Release|Win32
		{97B457D1-0836-4254-94C2-A4ADA3C9CD98}.MinSizeRel|x64.ActiveCfg = Release|x64
		{97B457D1-0836-4254-94C2-A4ADA3C9CD98}.MinSizeRel|x64.Build.0 = Release|x64
		{97B457D1-0836-4254-94C2-A4ADA3C9CD98}.Release|Win32.ActiveCfg = Release|Win32
		{97B457D1-0836-4254-94C2-A4ADA3C9CD98}.Release|Win32.Build.0 = Release|Win32
		{97B457D1-0836-4254-94C2-A4ADA3C9CD98}.Release|x64.ActiveCfg = Release|x64
		{97B457D1-0836-4254-94C2-A4ADA3C9CD98}.Release|x64.Build.0 = Release|x64
		{97B457D1-0836-4254-94C2-A4ADA3C9CD98}.RelWithDebInfo|Win32.ActiveCfg = Release|Win32
		{97B457D1-0836-4254-94C2-A4ADA3C9CD98}.RelWithDebInfo|Win32.Build.0 = Release|Win32
		{97B457D1-0836-4254-94C2-A4ADA3C9CD98}.RelWithDebInfo|x64.ActiveCfg = Release|x64
		{97B457D1-0836-4254-94C2-A4ADA3C9CD98}.RelWithDebInfo|x64.Build.0 = Release|x64
		{64106C64-39C6-3468-ACA0-F2782FBB77EF}.Debug|Win32.ActiveCfg = Debug|Win32
		{64106C64-39C6-3468-ACA0-F2782FBB77EF}.Debug|Win32.Build.0 = Debug|Win32
		{64106C64-39C6-3468-ACA0-F2782FBB77EF}.Debug|x64.ActiveCfg = Debug|Win32
		{64106C64-39C6-3468-ACA0-F2782FBB77EF}.MinSizeRel|Win32.ActiveCfg = MinSizeRel|Win32
		{64106C64-39C6-3468-ACA0-F2782FBB77EF}.MinSizeRel|Win32.Build.0 = MinSizeRel|Win32
		{64106C64-39C6-3468-ACA0-F2782FBB77EF}.MinSizeRel|x64.ActiveCfg = MinSizeRel|Win32
		{64106C64-39C6-3468-ACA0-F2782FBB77EF}.Release|Win32.ActiveCfg = Release|Win32
		{64106C64-39C6-3468-ACA0-F2782FBB77EF}.Release|Win32.Build.0 = Release|Win32
		{64106C64-39C6-3468-ACA0-F2782FBB77EF}.Release|x64.ActiveCfg = Release|Win32
		{64106C64-39C6-3468-ACA0-F2782FBB77EF}.RelWithDebInfo|Win32.ActiveCfg = RelWithDebInfo|Win32
		{64106C64-39C6-3468-ACA0-F2782FBB77EF}.RelWithDebInfo|Win32.Build.0 = RelWithDebInfo|Win32
		{64106C64-39C6-3468-ACA0-F2782FBB77EF}.RelWithDebInfo|x64.ActiveCfg = RelWithDebInfo|Win32
		{EA5A5470-30C7-4CE5-9EE6-2346D60F4534}.Debug|Win32.ActiveCfg = Debug|Win32
		{EA5A5470-30C7-4CE5-9EE6-2346D60F4534}.Debug|Win32.Build.0 = Debug|Win32
		{EA5A5470-30C7-4CE5-9EE6-2346D60F4534}.Debug|x64.ActiveCfg = Debug|x64
		{EA5A5470-30C7-4CE5-9EE6-2346D60F4534}.Debug|x64.Build.0 = Debug|x64
		{EA5A5470-30C7-4CE5-9EE6-2346D60F4534}.MinSizeRel|Win32.ActiveCfg = Debug|Win32
		{EA5A5470-30C7-4CE5-9EE6-2346D60F4534}.MinSizeRel|Win32.Build.0 = Debug|Win32
		{EA5A5470-30C7-4CE5-9EE6-2346D60F4534}.MinSizeRel|x64.ActiveCfg = Debug|x64
		{EA5A5470-30C7-4CE5-9EE6-2346D60F4534}.MinSizeRel|x64.Build.0 = Debug|x64
		{EA5A5470-30C7-4CE5-9EE6-2346D60F4534}.Release|Win32.ActiveCfg = Release|Win32
		{EA5A5470-30C7-4CE5-9EE6-2346D60F4534}.Release|Win32.Build.0 = Release|Win32
		{EA5A5470-30C7-4CE5-9EE6-2346D60F4534}.Release|x64.ActiveCfg = Release|x64
		{EA5A5470-30C7-4CE5-9EE6-2346D60F4534}.Release|x64.Build.0 = Release|x64
		{EA5A5470-30C7-4CE5-9EE6-2346D60F4534}.RelWithDebInfo|Win32.ActiveCfg = Release|Win32
		{EA5A5470-30C7-4CE5-9EE6-2346D60F4534}.RelWithDebInfo|Win32.Build.0 = Release|Win32
		{EA5A5470-30C7-4CE5-9EE6-2346D60F4534}.RelWithDebInfo|x64.ActiveCfg = Release|x64
		{EA5A5470-30C7-4CE5-9EE6-2346D60F4534}.RelWithDebInfo|x64.Build.0 = Release|x64
		{43D12A21-108A-4FF3-83EF-3EB14486B1DA}.Debug|Win32.ActiveCfg = Debug|Win32
		{43D12A21-108A-4FF3-83EF-3EB14486B1DA}.Debug|Win32.Build.0 = Debug|Win32
		{43D12A21-108A-4FF3-83EF-3EB14486B1DA}.Debug|x64.ActiveCfg = Debug|x64
		{43D12A21-108A-4FF3-83EF-3EB14486B1DA}.Debug|x64.Build.0 = Debug|x64
		{43D12A21-108A-4FF3-83EF-3EB14486B1DA}.MinSizeRel|Win32.ActiveCfg = Debug|Win32
		{43D12A21-108A-4FF3-83EF-3EB14486B1DA}.MinSizeRel|Win32.Build.0 = Debug|Win32
		{43D12A21-108A-4FF3-83EF-3EB14486B1DA}.MinSizeRel|x64.ActiveCfg = Debug|x64
		{43D12A21-108A-4FF3-83EF-3EB14486B1DA}.MinSizeRel|x64.Build.0 = Debug|x64
		{43D12A21-108A-4FF3-83EF-3EB14486B1DA}.Release|Win32.ActiveCfg = Release|Win32
		{43D12A21-108A-4FF3-83EF-3EB14486B1DA}.Release|Win32.Build.0 = Release|Win32
		{43D12A21-108A-4FF3-83EF-3EB14486B1DA}.Release|x64.ActiveCfg = Release|x64
		{43D12A21-108A-4FF3-83EF-3EB14486B1DA}.Release|x64.Build.0 = Release|x64
		{43D12A21-108A-4FF3-83EF-3EB14486B1DA}.RelWithDebInfo|Win32.ActiveCfg = Release|Win32
		{43D12A21-108A-4FF3-83EF-3EB14486B1DA}.RelWithDebInfo|Win32.Build.0 = Release|Win32
		{43D12A21-108A-4FF3-83EF-3EB14486B1DA}.RelWithDebInfo|x64.ActiveCfg = Release|x64
		{43D12A21-108A-4FF3-83EF-3EB14486B1DA}.RelWithDebInfo|x64.Build.0 = Release|x64
		{EE6A03BF-B047-4EA6-8679-859F9B280D60}.Debug|Win32.ActiveCfg = Debug|Win32
		{EE6A03BF-B047-4EA6-8679-859F9B280D60}.Debug|Win32.Build.0 = Debug|Win32
		{EE6A03BF-B047-4EA6-8679-859F9B280D60}.Debug|x64.ActiveCfg = Debug|x64
		{EE6A03BF-B047-4EA6-8679-859F9B280D60}.Debug|x64.Build.0 = Debug|x64
		{EE6A03BF-B047-4EA6-8679-859F9B280D60}.MinSizeRel|Win32.ActiveCfg = Debug|Win32
		{EE6A03BF-B047-4EA6-8679-859F9B280D60}.MinSizeRel|Win32.Build.0 = Debug|Win32
		{EE6A03BF-B047-4EA6-8679-859F9B280D60}.MinSizeRel|x64.ActiveCfg = Debug|x64
		{EE6A03BF-B047-4EA6-8679-859F9B280D60}.MinSizeRel|x64.Build.0 = Debug|x64
		{EE6A03BF-B047-4EA6-8679-859F9B280D60}.Release|Win32.ActiveCfg = Release|Win32
		{EE6A03BF-B047-4EA6-8679-859F9B280D60}.Release|Win32.Build.0 = Release|Win32
		{EE6A03BF-B047-4EA6-8679-859F9B280D60}.Release|x64.ActiveCfg = Release|x64
		{EE6A03BF-B047-4EA6-8679-859F9B280D60}.Release|x64.Build.0 = Release|x64
		{EE6A03BF-B047-4EA6-8679-859F9B280D60}.RelWithDebInfo|Win32.ActiveCfg = Release|Win32
		{EE6A03BF-B047-4EA6-8679-859F9B280D60}.RelWithDebInfo|Win32.Build.0 = Release|Win32
		{EE6A03BF-B047-4EA6-8679-859F9B280D60}.RelWithDebInfo|x64.ActiveCfg = Release|x64
		{EE6A03BF-B047-4EA6-8679-859F9B280D60}.RelWithDebInfo|x64.Build.0 = Release|x64
	EndGlobalSection
	GlobalSection(SolutionProperties) = preSolution
		HideSolutionNode = FALSE
	EndGlobalSection
	GlobalSection(NestedProjects) = preSolution
		{2C2BF9B5-A169-4440-99A7-CC3CC41CD13C} = {66E56037-072A-49A9-8691-F89FDFC9FAEC}
		{74219373-92F3-43DF-9D75-4D9FB7A722FC} = {66E56037-072A-49A9-8691-F89FDFC9FAEC}
		{F2EE8841-49B2-4D6A-8C83-7B75BDD3C315} = {FC1514AB-6485-43DC-AA5E-C5A43FDE0AB5}
		{8084EB63-7C0A-48B7-8992-19C9B01CF32F} = {FC1514AB-6485-43DC-AA5E-C5A43FDE0AB5}
		{60AB969E-FB0E-4A20-8815-A1EBE03E7BF0} = {66E56037-072A-49A9-8691-F89FDFC9FAEC}
		{64106C64-39C6-3468-ACA0-F2782FBB77EF} = {AA3DA364-FDC8-40FF-B3EC-8BAF61D197CD}
	EndGlobalSection
	GlobalSection(ExtensibilityGlobals) = postSolution
		SolutionGuid = {E20BAFE2-4849-48D1-A4C3-8C3D85ED39D7}
	EndGlobalSection
EndGlobal
