
Microsoft Visual Studio Solution File, Format Version 12.00
# Visual Studio Version 16
VisualStudioVersion = 16.0.30711.63
MinimumVisualStudioVersion = 10.0.40219.1
Project("{8BC9CEB8-8B4A-11D0-8D11-00A0C91BC942}") = "glfw_shared", "..\Deps\src\glfw_shared\glfw_shared.vcxproj", "{2C2BF9B5-A169-4440-99A7-CC3CC41CD13C}"
EndProject
Project("{8BC9CEB8-8B4A-11D0-8D11-00A0C91BC942}") = "chapter-16-Firstwindow", "chapter-16-glfw\firstWindow\chapter-16-Firstwindow.vcxproj", "{3C4C3F6B-13CE-4D71-8300-92549A6B38AF}"
EndProject
Project("{8BC9CEB8-8B4A-11D0-8D11-00A0C91BC942}") = "freeglut_shared", "..\Deps\src\freeglut_shared\freeglut_shared.vcxproj", "{60AB969E-FB0E-4A20-8815-A1EBE03E7BF0}"
EndProject
Project("{2150E333-8FDC-42A3-9474-1A3956D46DE8}") = "00base", "00base", "{B3AFF018-640D-4D7B-88AF-51D56AC9CF42}"
EndProject
Project("{8BC9CEB8-8B4A-11D0-8D11-00A0C91BC942}") = "glew_shared", "..\Deps\src\glew_shared\glew_shared.vcxproj", "{74219373-92F3-43DF-9D75-4D9FB7A722FC}"
EndProject
Project("{8BC9CEB8-8B4A-11D0-8D11-00A0C91BC942}") = "basic_lighting", "basic-lighting\basic_lighting.vcxproj", "{B7CE6804-E0CE-4778-933F-2032081329B6}"
EndProject
Project("{8BC9CEB8-8B4A-11D0-8D11-00A0C91BC942}") = "lighting_casters", "lighting-casters\lighting_caster.vcxproj", "{BD0D6D00-C196-437A-B0EE-BF209BC82674}"
EndProject
Project("{8BC9CEB8-8B4A-11D0-8D11-00A0C91BC942}") = "raytrace", "test\test.vcxproj", "{D5F0421F-FE8A-4D39-B26F-0A439E3A1C9D}"
EndProject
Project("{2150E333-8FDC-42A3-9474-1A3956D46DE8}") = "01advance_lightin", "01advance_lightin", "{D7354B8B-D773-4CEB-BAD8-5C16C6B9B78A}"
EndProject
Project("{2150E333-8FDC-42A3-9474-1A3956D46DE8}") = "02advanced_opengl", "02advanced_opengl", "{85ECFF09-BF1E-4D84-B481-D59668116028}"
EndProject
Project("{8BC9CEB8-8B4A-11D0-8D11-00A0C91BC942}") = "anti_aliasing_offscreen", "advanced_opengl\11.2.anti_aliasing_offscreen\anti_aliasing_offscreen.vcxproj", "{9F9BAB6C-ADC2-48D5-AA37-E833E253C711}"
EndProject
Project("{8BC9CEB8-8B4A-11D0-8D11-00A0C91BC942}") = "framebuffers", "advanced_opengl\5.1.framebuffers\framebuffers.vcxproj", "{4F1F4A1F-67E6-4F90-B51E-8F997AEA420A}"
EndProject
Project("{8BC9CEB8-8B4A-11D0-8D11-00A0C91BC942}") = "anti_aliasing_msaa", "advanced_opengl\11.1.anti_aliasing_msaa\anti_aliasing_msaa.vcxproj", "{121F86A7-BAD5-4E34-B79D-3971436491F5}"
EndProject
Project("{8BC9CEB8-8B4A-11D0-8D11-00A0C91BC942}") = "blending_discard", "advanced_opengl\3.1.blending_discard\blending_discard.vcxproj", "{6FD47670-B565-4366-8EDF-40EB86287F33}"
EndProject
Project("{8BC9CEB8-8B4A-11D0-8D11-00A0C91BC942}") = "blending_sort", "advanced_opengl\3.2.blending_sort\blending_sort.vcxproj", "{475BABDF-DA64-401B-A92E-B2960F37FA66}"
EndProject
Project("{8BC9CEB8-8B4A-11D0-8D11-00A0C91BC942}") = "advanced_lighting", "advance-lighting\1.advanced_lighting\advanced_lighting.vcxproj", "{6F4ACE31-5E26-4AB1-99A1-508230E7CD69}"
EndProject
Project("{8BC9CEB8-8B4A-11D0-8D11-00A0C91BC942}") = "shadow_mapping_depth", "advance-lighting\3.1.1.shadow_mapping_depth\shadow_mapping_depth.vcxproj", "{8B2423EA-F9E6-4D65-A75A-C38157DC9FED}"
EndProject
Project("{8BC9CEB8-8B4A-11D0-8D11-00A0C91BC942}") = "shadow_mapping_base", "advance-lighting\3.1.2.shadow_mapping_base\shadow_mapping_base.vcxproj", "{402C18C4-E8C9-41BA-AD63-689F34754DE0}"
EndProject
Project("{8BC9CEB8-8B4A-11D0-8D11-00A0C91BC942}") = "advanced_lighting", "advance-lighting\3.1.3.shadow_mapping\shadow_mapping.vcxproj", "{79690121-E047-4FF0-BCBB-AAA217883486}"
EndProject
Global
	GlobalSection(SolutionConfigurationPlatforms) = preSolution
		Debug|x64 = Debug|x64
		Debug|x86 = Debug|x86
		Release|x64 = Release|x64
		Release|x86 = Release|x86
	EndGlobalSection
	GlobalSection(ProjectConfigurationPlatforms) = postSolution
		{2C2BF9B5-A169-4440-99A7-CC3CC41CD13C}.Debug|x64.ActiveCfg = Debug|x64
		{2C2BF9B5-A169-4440-99A7-CC3CC41CD13C}.Debug|x64.Build.0 = Debug|x64
		{2C2BF9B5-A169-4440-99A7-CC3CC41CD13C}.Debug|x86.ActiveCfg = Debug|Win32
		{2C2BF9B5-A169-4440-99A7-CC3CC41CD13C}.Debug|x86.Build.0 = Debug|Win32
		{2C2BF9B5-A169-4440-99A7-CC3CC41CD13C}.Release|x64.ActiveCfg = Release|x64
		{2C2BF9B5-A169-4440-99A7-CC3CC41CD13C}.Release|x64.Build.0 = Release|x64
		{2C2BF9B5-A169-4440-99A7-CC3CC41CD13C}.Release|x86.ActiveCfg = Release|Win32
		{2C2BF9B5-A169-4440-99A7-CC3CC41CD13C}.Release|x86.Build.0 = Release|Win32
		{3C4C3F6B-13CE-4D71-8300-92549A6B38AF}.Debug|x64.ActiveCfg = Debug|x64
		{3C4C3F6B-13CE-4D71-8300-92549A6B38AF}.Debug|x64.Build.0 = Debug|x64
		{3C4C3F6B-13CE-4D71-8300-92549A6B38AF}.Debug|x86.ActiveCfg = Debug|Win32
		{3C4C3F6B-13CE-4D71-8300-92549A6B38AF}.Debug|x86.Build.0 = Debug|Win32
		{3C4C3F6B-13CE-4D71-8300-92549A6B38AF}.Release|x64.ActiveCfg = Release|x64
		{3C4C3F6B-13CE-4D71-8300-92549A6B38AF}.Release|x64.Build.0 = Release|x64
		{3C4C3F6B-13CE-4D71-8300-92549A6B38AF}.Release|x86.ActiveCfg = Release|Win32
		{3C4C3F6B-13CE-4D71-8300-92549A6B38AF}.Release|x86.Build.0 = Release|Win32
		{60AB969E-FB0E-4A20-8815-A1EBE03E7BF0}.Debug|x64.ActiveCfg = Debug|x64
		{60AB969E-FB0E-4A20-8815-A1EBE03E7BF0}.Debug|x64.Build.0 = Debug|x64
		{60AB969E-FB0E-4A20-8815-A1EBE03E7BF0}.Debug|x86.ActiveCfg = Debug|Win32
		{60AB969E-FB0E-4A20-8815-A1EBE03E7BF0}.Debug|x86.Build.0 = Debug|Win32
		{60AB969E-FB0E-4A20-8815-A1EBE03E7BF0}.Release|x64.ActiveCfg = Release|x64
		{60AB969E-FB0E-4A20-8815-A1EBE03E7BF0}.Release|x64.Build.0 = Release|x64
		{60AB969E-FB0E-4A20-8815-A1EBE03E7BF0}.Release|x86.ActiveCfg = Release|Win32
		{60AB969E-FB0E-4A20-8815-A1EBE03E7BF0}.Release|x86.Build.0 = Release|Win32
		{74219373-92F3-43DF-9D75-4D9FB7A722FC}.Debug|x64.ActiveCfg = Debug|x64
		{74219373-92F3-43DF-9D75-4D9FB7A722FC}.Debug|x64.Build.0 = Debug|x64
		{74219373-92F3-43DF-9D75-4D9FB7A722FC}.Debug|x86.ActiveCfg = Debug|Win32
		{74219373-92F3-43DF-9D75-4D9FB7A722FC}.Debug|x86.Build.0 = Debug|Win32
		{74219373-92F3-43DF-9D75-4D9FB7A722FC}.Release|x64.ActiveCfg = Release|x64
		{74219373-92F3-43DF-9D75-4D9FB7A722FC}.Release|x64.Build.0 = Release|x64
		{74219373-92F3-43DF-9D75-4D9FB7A722FC}.Release|x86.ActiveCfg = Release|Win32
		{74219373-92F3-43DF-9D75-4D9FB7A722FC}.Release|x86.Build.0 = Release|Win32
		{B7CE6804-E0CE-4778-933F-2032081329B6}.Debug|x64.ActiveCfg = Debug|x64
		{B7CE6804-E0CE-4778-933F-2032081329B6}.Debug|x64.Build.0 = Debug|x64
		{B7CE6804-E0CE-4778-933F-2032081329B6}.Debug|x86.ActiveCfg = Debug|Win32
		{B7CE6804-E0CE-4778-933F-2032081329B6}.Debug|x86.Build.0 = Debug|Win32
		{B7CE6804-E0CE-4778-933F-2032081329B6}.Release|x64.ActiveCfg = Release|x64
		{B7CE6804-E0CE-4778-933F-2032081329B6}.Release|x64.Build.0 = Release|x64
		{B7CE6804-E0CE-4778-933F-2032081329B6}.Release|x86.ActiveCfg = Release|Win32
		{B7CE6804-E0CE-4778-933F-2032081329B6}.Release|x86.Build.0 = Release|Win32
		{BD0D6D00-C196-437A-B0EE-BF209BC82674}.Debug|x64.ActiveCfg = Debug|x64
		{BD0D6D00-C196-437A-B0EE-BF209BC82674}.Debug|x64.Build.0 = Debug|x64
		{BD0D6D00-C196-437A-B0EE-BF209BC82674}.Debug|x86.ActiveCfg = Debug|Win32
		{BD0D6D00-C196-437A-B0EE-BF209BC82674}.Debug|x86.Build.0 = Debug|Win32
		{BD0D6D00-C196-437A-B0EE-BF209BC82674}.Release|x64.ActiveCfg = Release|x64
		{BD0D6D00-C196-437A-B0EE-BF209BC82674}.Release|x64.Build.0 = Release|x64
		{BD0D6D00-C196-437A-B0EE-BF209BC82674}.Release|x86.ActiveCfg = Release|Win32
		{BD0D6D00-C196-437A-B0EE-BF209BC82674}.Release|x86.Build.0 = Release|Win32
		{D5F0421F-FE8A-4D39-B26F-0A439E3A1C9D}.Debug|x64.ActiveCfg = Debug|x64
		{D5F0421F-FE8A-4D39-B26F-0A439E3A1C9D}.Debug|x64.Build.0 = Debug|x64
		{D5F0421F-FE8A-4D39-B26F-0A439E3A1C9D}.Debug|x86.ActiveCfg = Debug|Win32
		{D5F0421F-FE8A-4D39-B26F-0A439E3A1C9D}.Debug|x86.Build.0 = Debug|Win32
		{D5F0421F-FE8A-4D39-B26F-0A439E3A1C9D}.Release|x64.ActiveCfg = Release|x64
		{D5F0421F-FE8A-4D39-B26F-0A439E3A1C9D}.Release|x64.Build.0 = Release|x64
		{D5F0421F-FE8A-4D39-B26F-0A439E3A1C9D}.Release|x86.ActiveCfg = Release|Win32
		{D5F0421F-FE8A-4D39-B26F-0A439E3A1C9D}.Release|x86.Build.0 = Release|Win32
		{9F9BAB6C-ADC2-48D5-AA37-E833E253C711}.Debug|x64.ActiveCfg = Debug|x64
		{9F9BAB6C-ADC2-48D5-AA37-E833E253C711}.Debug|x64.Build.0 = Debug|x64
		{9F9BAB6C-ADC2-48D5-AA37-E833E253C711}.Debug|x86.ActiveCfg = Debug|Win32
		{9F9BAB6C-ADC2-48D5-AA37-E833E253C711}.Debug|x86.Build.0 = Debug|Win32
		{9F9BAB6C-ADC2-48D5-AA37-E833E253C711}.Release|x64.ActiveCfg = Release|x64
		{9F9BAB6C-ADC2-48D5-AA37-E833E253C711}.Release|x64.Build.0 = Release|x64
		{9F9BAB6C-ADC2-48D5-AA37-E833E253C711}.Release|x86.ActiveCfg = Release|Win32
		{9F9BAB6C-ADC2-48D5-AA37-E833E253C711}.Release|x86.Build.0 = Release|Win32
		{4F1F4A1F-67E6-4F90-B51E-8F997AEA420A}.Debug|x64.ActiveCfg = Debug|x64
		{4F1F4A1F-67E6-4F90-B51E-8F997AEA420A}.Debug|x64.Build.0 = Debug|x64
		{4F1F4A1F-67E6-4F90-B51E-8F997AEA420A}.Debug|x86.ActiveCfg = Debug|Win32
		{4F1F4A1F-67E6-4F90-B51E-8F997AEA420A}.Debug|x86.Build.0 = Debug|Win32
		{4F1F4A1F-67E6-4F90-B51E-8F997AEA420A}.Release|x64.ActiveCfg = Release|x64
		{4F1F4A1F-67E6-4F90-B51E-8F997AEA420A}.Release|x64.Build.0 = Release|x64
		{4F1F4A1F-67E6-4F90-B51E-8F997AEA420A}.Release|x86.ActiveCfg = Release|Win32
		{4F1F4A1F-67E6-4F90-B51E-8F997AEA420A}.Release|x86.Build.0 = Release|Win32
		{121F86A7-BAD5-4E34-B79D-3971436491F5}.Debug|x64.ActiveCfg = Debug|x64
		{121F86A7-BAD5-4E34-B79D-3971436491F5}.Debug|x64.Build.0 = Debug|x64
		{121F86A7-BAD5-4E34-B79D-3971436491F5}.Debug|x86.ActiveCfg = Debug|Win32
		{121F86A7-BAD5-4E34-B79D-3971436491F5}.Debug|x86.Build.0 = Debug|Win32
		{121F86A7-BAD5-4E34-B79D-3971436491F5}.Release|x64.ActiveCfg = Release|x64
		{121F86A7-BAD5-4E34-B79D-3971436491F5}.Release|x64.Build.0 = Release|x64
		{121F86A7-BAD5-4E34-B79D-3971436491F5}.Release|x86.ActiveCfg = Release|Win32
		{121F86A7-BAD5-4E34-B79D-3971436491F5}.Release|x86.Build.0 = Release|Win32
		{6FD47670-B565-4366-8EDF-40EB86287F33}.Debug|x64.ActiveCfg = Debug|x64
		{6FD47670-B565-4366-8EDF-40EB86287F33}.Debug|x64.Build.0 = Debug|x64
		{6FD47670-B565-4366-8EDF-40EB86287F33}.Debug|x86.ActiveCfg = Debug|Win32
		{6FD47670-B565-4366-8EDF-40EB86287F33}.Debug|x86.Build.0 = Debug|Win32
		{6FD47670-B565-4366-8EDF-40EB86287F33}.Release|x64.ActiveCfg = Release|x64
		{6FD47670-B565-4366-8EDF-40EB86287F33}.Release|x64.Build.0 = Release|x64
		{6FD47670-B565-4366-8EDF-40EB86287F33}.Release|x86.ActiveCfg = Release|Win32
		{6FD47670-B565-4366-8EDF-40EB86287F33}.Release|x86.Build.0 = Release|Win32
		{475BABDF-DA64-401B-A92E-B2960F37FA66}.Debug|x64.ActiveCfg = Debug|x64
		{475BABDF-DA64-401B-A92E-B2960F37FA66}.Debug|x64.Build.0 = Debug|x64
		{475BABDF-DA64-401B-A92E-B2960F37FA66}.Debug|x86.ActiveCfg = Debug|Win32
		{475BABDF-DA64-401B-A92E-B2960F37FA66}.Debug|x86.Build.0 = Debug|Win32
		{475BABDF-DA64-401B-A92E-B2960F37FA66}.Release|x64.ActiveCfg = Release|x64
		{475BABDF-DA64-401B-A92E-B2960F37FA66}.Release|x64.Build.0 = Release|x64
		{475BABDF-DA64-401B-A92E-B2960F37FA66}.Release|x86.ActiveCfg = Release|Win32
		{475BABDF-DA64-401B-A92E-B2960F37FA66}.Release|x86.Build.0 = Release|Win32
		{6F4ACE31-5E26-4AB1-99A1-508230E7CD69}.Debug|x64.ActiveCfg = Debug|x64
		{6F4ACE31-5E26-4AB1-99A1-508230E7CD69}.Debug|x64.Build.0 = Debug|x64
		{6F4ACE31-5E26-4AB1-99A1-508230E7CD69}.Debug|x86.ActiveCfg = Debug|Win32
		{6F4ACE31-5E26-4AB1-99A1-508230E7CD69}.Debug|x86.Build.0 = Debug|Win32
		{6F4ACE31-5E26-4AB1-99A1-508230E7CD69}.Release|x64.ActiveCfg = Release|x64
		{6F4ACE31-5E26-4AB1-99A1-508230E7CD69}.Release|x64.Build.0 = Release|x64
		{6F4ACE31-5E26-4AB1-99A1-508230E7CD69}.Release|x86.ActiveCfg = Release|Win32
		{6F4ACE31-5E26-4AB1-99A1-508230E7CD69}.Release|x86.Build.0 = Release|Win32
		{8B2423EA-F9E6-4D65-A75A-C38157DC9FED}.Debug|x64.ActiveCfg = Debug|x64
		{8B2423EA-F9E6-4D65-A75A-C38157DC9FED}.Debug|x64.Build.0 = Debug|x64
		{8B2423EA-F9E6-4D65-A75A-C38157DC9FED}.Debug|x86.ActiveCfg = Debug|Win32
		{8B2423EA-F9E6-4D65-A75A-C38157DC9FED}.Debug|x86.Build.0 = Debug|Win32
		{8B2423EA-F9E6-4D65-A75A-C38157DC9FED}.Release|x64.ActiveCfg = Release|x64
		{8B2423EA-F9E6-4D65-A75A-C38157DC9FED}.Release|x64.Build.0 = Release|x64
		{8B2423EA-F9E6-4D65-A75A-C38157DC9FED}.Release|x86.ActiveCfg = Release|Win32
		{8B2423EA-F9E6-4D65-A75A-C38157DC9FED}.Release|x86.Build.0 = Release|Win32
		{402C18C4-E8C9-41BA-AD63-689F34754DE0}.Debug|x64.ActiveCfg = Debug|x64
		{402C18C4-E8C9-41BA-AD63-689F34754DE0}.Debug|x64.Build.0 = Debug|x64
		{402C18C4-E8C9-41BA-AD63-689F34754DE0}.Debug|x86.ActiveCfg = Debug|Win32
		{402C18C4-E8C9-41BA-AD63-689F34754DE0}.Debug|x86.Build.0 = Debug|Win32
		{402C18C4-E8C9-41BA-AD63-689F34754DE0}.Release|x64.ActiveCfg = Release|x64
		{402C18C4-E8C9-41BA-AD63-689F34754DE0}.Release|x64.Build.0 = Release|x64
		{402C18C4-E8C9-41BA-AD63-689F34754DE0}.Release|x86.ActiveCfg = Release|Win32
		{402C18C4-E8C9-41BA-AD63-689F34754DE0}.Release|x86.Build.0 = Release|Win32
		{79690121-E047-4FF0-BCBB-AAA217883486}.Debug|x64.ActiveCfg = Debug|x64
		{79690121-E047-4FF0-BCBB-AAA217883486}.Debug|x64.Build.0 = Debug|x64
		{79690121-E047-4FF0-BCBB-AAA217883486}.Debug|x86.ActiveCfg = Debug|Win32
		{79690121-E047-4FF0-BCBB-AAA217883486}.Debug|x86.Build.0 = Debug|Win32
		{79690121-E047-4FF0-BCBB-AAA217883486}.Release|x64.ActiveCfg = Release|x64
		{79690121-E047-4FF0-BCBB-AAA217883486}.Release|x64.Build.0 = Release|x64
		{79690121-E047-4FF0-BCBB-AAA217883486}.Release|x86.ActiveCfg = Release|Win32
		{79690121-E047-4FF0-BCBB-AAA217883486}.Release|x86.Build.0 = Release|Win32
	EndGlobalSection
	GlobalSection(SolutionProperties) = preSolution
		HideSolutionNode = FALSE
	EndGlobalSection
	GlobalSection(NestedProjects) = preSolution
		{2C2BF9B5-A169-4440-99A7-CC3CC41CD13C} = {B3AFF018-640D-4D7B-88AF-51D56AC9CF42}
		{3C4C3F6B-13CE-4D71-8300-92549A6B38AF} = {D7354B8B-D773-4CEB-BAD8-5C16C6B9B78A}
		{60AB969E-FB0E-4A20-8815-A1EBE03E7BF0} = {B3AFF018-640D-4D7B-88AF-51D56AC9CF42}
		{74219373-92F3-43DF-9D75-4D9FB7A722FC} = {B3AFF018-640D-4D7B-88AF-51D56AC9CF42}
		{B7CE6804-E0CE-4778-933F-2032081329B6} = {D7354B8B-D773-4CEB-BAD8-5C16C6B9B78A}
		{BD0D6D00-C196-437A-B0EE-BF209BC82674} = {D7354B8B-D773-4CEB-BAD8-5C16C6B9B78A}
		{D5F0421F-FE8A-4D39-B26F-0A439E3A1C9D} = {D7354B8B-D773-4CEB-BAD8-5C16C6B9B78A}
		{9F9BAB6C-ADC2-48D5-AA37-E833E253C711} = {85ECFF09-BF1E-4D84-B481-D59668116028}
		{4F1F4A1F-67E6-4F90-B51E-8F997AEA420A} = {85ECFF09-BF1E-4D84-B481-D59668116028}
		{121F86A7-BAD5-4E34-B79D-3971436491F5} = {85ECFF09-BF1E-4D84-B481-D59668116028}
		{6FD47670-B565-4366-8EDF-40EB86287F33} = {85ECFF09-BF1E-4D84-B481-D59668116028}
		{475BABDF-DA64-401B-A92E-B2960F37FA66} = {85ECFF09-BF1E-4D84-B481-D59668116028}
		{6F4ACE31-5E26-4AB1-99A1-508230E7CD69} = {D7354B8B-D773-4CEB-BAD8-5C16C6B9B78A}
		{8B2423EA-F9E6-4D65-A75A-C38157DC9FED} = {D7354B8B-D773-4CEB-BAD8-5C16C6B9B78A}
		{402C18C4-E8C9-41BA-AD63-689F34754DE0} = {D7354B8B-D773-4CEB-BAD8-5C16C6B9B78A}
		{79690121-E047-4FF0-BCBB-AAA217883486} = {D7354B8B-D773-4CEB-BAD8-5C16C6B9B78A}
	EndGlobalSection
	GlobalSection(ExtensibilityGlobals) = postSolution
		SolutionGuid = {ECFFBA36-16C1-441C-B0C4-2A739943B1EA}
	EndGlobalSection
EndGlobal
